
Microsoft Visual Studio Solution File, Format Version 12.00
# Visual Studio 15
VisualStudioVersion = 15.0.28307.572
MinimumVisualStudioVersion = 10.0.40219.1
Project("{FAE04EC0-301F-11D3-BF4B-00C04F79EFBC}") = "HeapSample", "HeapSample\HeapSample.csproj", "{442C4066-2B8B-43C8-9B21-2108F1F42648}"
EndProject
Global
	GlobalSection(SolutionConfigurationPlatforms) = preSolution
		Debug|Any CPU = Debug|Any CPU
		Release|Any CPU = Release|Any CPU
	EndGlobalSection
	GlobalSection(ProjectConfigurationPlatforms) = postSolution
		{442C4066-2B8B-43C8-9B21-2108F1F42648}.Debug|Any CPU.ActiveCfg = Debug|Any CPU
		{442C4066-2B8B-43C8-9B21-2108F1F42648}.Debug|Any CPU.Build.0 = Debug|Any CPU
		{442C4066-2B8B-43C8-9B21-2108F1F42648}.Release|Any CPU.ActiveCfg = Release|Any CPU
		{442C4066-2B8B-43C8-9B21-2108F1F42648}.Release|Any CPU.Build.0 = Release|Any CPU
	EndGlobalSection
	GlobalSection(SolutionProperties) = preSolution
		HideSolutionNode = FALSE
	EndGlobalSection
	GlobalSection(ExtensibilityGlobals) = postSolution
		SolutionGuid = {03B6FB09-E189-47E9-ACBE-AB504201E4DE}
	EndGlobalSection
EndGlobal
