
Microsoft Visual Studio Solution File, Format Version 12.00
# Visual Studio 15
VisualStudioVersion = 15.0.28307.421
MinimumVisualStudioVersion = 10.0.40219.1
Project("{FAE04EC0-301F-11D3-BF4B-00C04F79EFBC}") = "WorkflowConsoleHelloWorld", "WorkflowConsoleHelloWorld\WorkflowConsoleHelloWorld.csproj", "{903194AE-BDA8-4E66-96BE-35CB7125402E}"
EndProject
Global
	GlobalSection(SolutionConfigurationPlatforms) = preSolution
		Debug|x86 = Debug|x86
		Release|x86 = Release|x86
	EndGlobalSection
	GlobalSection(ProjectConfigurationPlatforms) = postSolution
		{903194AE-BDA8-4E66-96BE-35CB7125402E}.Debug|x86.ActiveCfg = Debug|x86
		{903194AE-BDA8-4E66-96BE-35CB7125402E}.Debug|x86.Build.0 = Debug|x86
		{903194AE-BDA8-4E66-96BE-35CB7125402E}.Release|x86.ActiveCfg = Release|x86
		{903194AE-BDA8-4E66-96BE-35CB7125402E}.Release|x86.Build.0 = Release|x86
	EndGlobalSection
	GlobalSection(SolutionProperties) = preSolution
		HideSolutionNode = FALSE
	EndGlobalSection
	GlobalSection(ExtensibilityGlobals) = postSolution
		SolutionGuid = {B15A6548-09D0-4915-BEEC-ACF2FC725A4D}
	EndGlobalSection
EndGlobal
