
Microsoft Visual Studio Solution File, Format Version 12.00
# Visual Studio 15
VisualStudioVersion = 15.0.28307.421
MinimumVisualStudioVersion = 10.0.40219.1
Project("{FAE04EC0-301F-11D3-BF4B-00C04F79EFBC}") = "ConsoleHelloWorld", "ConsoleHelloWorld\ConsoleHelloWorld.csproj", "{A354B9F5-EF75-49C2-BE03-27D5720FD4AA}"
EndProject
Project("{FAE04EC0-301F-11D3-BF4B-00C04F79EFBC}") = "SuperCalculator", "SuperCalculator\SuperCalculator.csproj", "{4D2067E5-5C7D-45C8-BF31-6B324EB82324}"
EndProject
Global
	GlobalSection(SolutionConfigurationPlatforms) = preSolution
		Debug|Any CPU = Debug|Any CPU
		Release|Any CPU = Release|Any CPU
	EndGlobalSection
	GlobalSection(ProjectConfigurationPlatforms) = postSolution
		{A354B9F5-EF75-49C2-BE03-27D5720FD4AA}.Debug|Any CPU.ActiveCfg = Debug|Any CPU
		{A354B9F5-EF75-49C2-BE03-27D5720FD4AA}.Debug|Any CPU.Build.0 = Debug|Any CPU
		{A354B9F5-EF75-49C2-BE03-27D5720FD4AA}.Release|Any CPU.ActiveCfg = Release|Any CPU
		{A354B9F5-EF75-49C2-BE03-27D5720FD4AA}.Release|Any CPU.Build.0 = Release|Any CPU
		{4D2067E5-5C7D-45C8-BF31-6B324EB82324}.Debug|Any CPU.ActiveCfg = Debug|Any CPU
		{4D2067E5-5C7D-45C8-BF31-6B324EB82324}.Debug|Any CPU.Build.0 = Debug|Any CPU
		{4D2067E5-5C7D-45C8-BF31-6B324EB82324}.Release|Any CPU.ActiveCfg = Release|Any CPU
		{4D2067E5-5C7D-45C8-BF31-6B324EB82324}.Release|Any CPU.Build.0 = Release|Any CPU
	EndGlobalSection
	GlobalSection(SolutionProperties) = preSolution
		HideSolutionNode = FALSE
	EndGlobalSection
	GlobalSection(ExtensibilityGlobals) = postSolution
		SolutionGuid = {F9096E1F-4115-408E-9EA3-CEECF9ED3E83}
	EndGlobalSection
EndGlobal
