
Microsoft Visual Studio Solution File, Format Version 12.00
# Visual Studio 15
VisualStudioVersion = 15.0.28307.572
MinimumVisualStudioVersion = 10.0.40219.1
Project("{FAE04EC0-301F-11D3-BF4B-00C04F79EFBC}") = "FirstTimeToCirculation", "FirstTimeToCirculation\FirstTimeToCirculation.csproj", "{71FF6606-A909-41E4-90CD-B860D352ED28}"
EndProject
Global
	GlobalSection(SolutionConfigurationPlatforms) = preSolution
		Debug|Any CPU = Debug|Any CPU
		Release|Any CPU = Release|Any CPU
	EndGlobalSection
	GlobalSection(ProjectConfigurationPlatforms) = postSolution
		{71FF6606-A909-41E4-90CD-B860D352ED28}.Debug|Any CPU.ActiveCfg = Debug|Any CPU
		{71FF6606-A909-41E4-90CD-B860D352ED28}.Debug|Any CPU.Build.0 = Debug|Any CPU
		{71FF6606-A909-41E4-90CD-B860D352ED28}.Release|Any CPU.ActiveCfg = Release|Any CPU
		{71FF6606-A909-41E4-90CD-B860D352ED28}.Release|Any CPU.Build.0 = Release|Any CPU
	EndGlobalSection
	GlobalSection(SolutionProperties) = preSolution
		HideSolutionNode = FALSE
	EndGlobalSection
	GlobalSection(ExtensibilityGlobals) = postSolution
		SolutionGuid = {AB2C832C-3077-4661-BCE6-8CB64CF4B1B2}
	EndGlobalSection
EndGlobal
