
Microsoft Visual Studio Solution File, Format Version 12.00
# Visual Studio 15
VisualStudioVersion = 15.0.28307.421
MinimumVisualStudioVersion = 10.0.40219.1
Project("{FAE04EC0-301F-11D3-BF4B-00C04F79EFBC}") = "WebHelloWorld", "WebHelloWorld\WebHelloWorld.csproj", "{347C9379-C7BF-4AC2-B391-9CC00CE66E18}"
EndProject
Global
	GlobalSection(SolutionConfigurationPlatforms) = preSolution
		Debug|Any CPU = Debug|Any CPU
		Release|Any CPU = Release|Any CPU
	EndGlobalSection
	GlobalSection(ProjectConfigurationPlatforms) = postSolution
		{347C9379-C7BF-4AC2-B391-9CC00CE66E18}.Debug|Any CPU.ActiveCfg = Debug|Any CPU
		{347C9379-C7BF-4AC2-B391-9CC00CE66E18}.Debug|Any CPU.Build.0 = Debug|Any CPU
		{347C9379-C7BF-4AC2-B391-9CC00CE66E18}.Release|Any CPU.ActiveCfg = Release|Any CPU
		{347C9379-C7BF-4AC2-B391-9CC00CE66E18}.Release|Any CPU.Build.0 = Release|Any CPU
	EndGlobalSection
	GlobalSection(SolutionProperties) = preSolution
		HideSolutionNode = FALSE
	EndGlobalSection
	GlobalSection(ExtensibilityGlobals) = postSolution
		SolutionGuid = {102AF9F4-4DEC-47AA-AFE5-FABC0CD542AE}
	EndGlobalSection
EndGlobal
