
Microsoft Visual Studio Solution File, Format Version 12.00
# Visual Studio 15
VisualStudioVersion = 15.0.28307.421
MinimumVisualStudioVersion = 10.0.40219.1
Project("{CC5FD16D-436D-48AD-A40C-5A424C6E3E79}") = "CloudHelloWorld", "CloudHelloWorld\CloudHelloWorld.ccproj", "{D01E2A84-E81E-4CC4-8CE1-15D0F2A35E1F}"
EndProject
Project("{FAE04EC0-301F-11D3-BF4B-00C04F79EFBC}") = "SayHello", "SayHello\SayHello.csproj", "{FA2B5C2C-8DC2-4915-BA41-9DAB779D13AB}"
EndProject
Global
	GlobalSection(SolutionConfigurationPlatforms) = preSolution
		Debug|Any CPU = Debug|Any CPU
		Release|Any CPU = Release|Any CPU
	EndGlobalSection
	GlobalSection(ProjectConfigurationPlatforms) = postSolution
		{D01E2A84-E81E-4CC4-8CE1-15D0F2A35E1F}.Debug|Any CPU.ActiveCfg = Debug|Any CPU
		{D01E2A84-E81E-4CC4-8CE1-15D0F2A35E1F}.Debug|Any CPU.Build.0 = Debug|Any CPU
		{D01E2A84-E81E-4CC4-8CE1-15D0F2A35E1F}.Release|Any CPU.ActiveCfg = Release|Any CPU
		{D01E2A84-E81E-4CC4-8CE1-15D0F2A35E1F}.Release|Any CPU.Build.0 = Release|Any CPU
		{FA2B5C2C-8DC2-4915-BA41-9DAB779D13AB}.Debug|Any CPU.ActiveCfg = Debug|Any CPU
		{FA2B5C2C-8DC2-4915-BA41-9DAB779D13AB}.Debug|Any CPU.Build.0 = Debug|Any CPU
		{FA2B5C2C-8DC2-4915-BA41-9DAB779D13AB}.Release|Any CPU.ActiveCfg = Release|Any CPU
		{FA2B5C2C-8DC2-4915-BA41-9DAB779D13AB}.Release|Any CPU.Build.0 = Release|Any CPU
	EndGlobalSection
	GlobalSection(SolutionProperties) = preSolution
		HideSolutionNode = FALSE
	EndGlobalSection
	GlobalSection(ExtensibilityGlobals) = postSolution
		SolutionGuid = {CEF839AE-FBC9-445D-9999-25D347AA6838}
	EndGlobalSection
EndGlobal
