
Microsoft Visual Studio Solution File, Format Version 12.00
# Visual Studio 15
VisualStudioVersion = 15.0.28307.421
MinimumVisualStudioVersion = 10.0.40219.1
Project("{FAE04EC0-301F-11D3-BF4B-00C04F79EFBC}") = "WebMVCHelloWorld", "WebMVCHelloWorld\WebMVCHelloWorld.csproj", "{F8F89012-964B-4510-A490-82290D50FA01}"
EndProject
Global
	GlobalSection(SolutionConfigurationPlatforms) = preSolution
		Debug|Any CPU = Debug|Any CPU
		Release|Any CPU = Release|Any CPU
	EndGlobalSection
	GlobalSection(ProjectConfigurationPlatforms) = postSolution
		{F8F89012-964B-4510-A490-82290D50FA01}.Debug|Any CPU.ActiveCfg = Debug|Any CPU
		{F8F89012-964B-4510-A490-82290D50FA01}.Debug|Any CPU.Build.0 = Debug|Any CPU
		{F8F89012-964B-4510-A490-82290D50FA01}.Release|Any CPU.ActiveCfg = Release|Any CPU
		{F8F89012-964B-4510-A490-82290D50FA01}.Release|Any CPU.Build.0 = Release|Any CPU
	EndGlobalSection
	GlobalSection(SolutionProperties) = preSolution
		HideSolutionNode = FALSE
	EndGlobalSection
	GlobalSection(ExtensibilityGlobals) = postSolution
		SolutionGuid = {DA132C09-5891-4CC5-B2B1-ADB839A14283}
	EndGlobalSection
EndGlobal
