
Microsoft Visual Studio Solution File, Format Version 12.00
# Visual Studio 15
VisualStudioVersion = 15.0.28307.421
MinimumVisualStudioVersion = 10.0.40219.1
Project("{FAE04EC0-301F-11D3-BF4B-00C04F79EFBC}") = "WpfHelloWorld", "WpfHelloWorld\WpfHelloWorld.csproj", "{1EA3C942-62C5-41A9-803F-68DCE149A262}"
EndProject
Global
	GlobalSection(SolutionConfigurationPlatforms) = preSolution
		Debug|Any CPU = Debug|Any CPU
		Release|Any CPU = Release|Any CPU
	EndGlobalSection
	GlobalSection(ProjectConfigurationPlatforms) = postSolution
		{1EA3C942-62C5-41A9-803F-68DCE149A262}.Debug|Any CPU.ActiveCfg = Debug|Any CPU
		{1EA3C942-62C5-41A9-803F-68DCE149A262}.Debug|Any CPU.Build.0 = Debug|Any CPU
		{1EA3C942-62C5-41A9-803F-68DCE149A262}.Release|Any CPU.ActiveCfg = Release|Any CPU
		{1EA3C942-62C5-41A9-803F-68DCE149A262}.Release|Any CPU.Build.0 = Release|Any CPU
	EndGlobalSection
	GlobalSection(SolutionProperties) = preSolution
		HideSolutionNode = FALSE
	EndGlobalSection
	GlobalSection(ExtensibilityGlobals) = postSolution
		SolutionGuid = {3BE4148C-5F29-4880-BC7E-B76676BEFC10}
	EndGlobalSection
EndGlobal
