
Microsoft Visual Studio Solution File, Format Version 12.00
# Visual Studio 15
VisualStudioVersion = 15.0.28307.572
MinimumVisualStudioVersion = 10.0.40219.1
Project("{FAE04EC0-301F-11D3-BF4B-00C04F79EFBC}") = "ConstructorExample", "ConstructorExample\ConstructorExample.csproj", "{C3136829-A4BA-4174-8830-98A1C8F13EBA}"
EndProject
Global
	GlobalSection(SolutionConfigurationPlatforms) = preSolution
		Debug|Any CPU = Debug|Any CPU
		Release|Any CPU = Release|Any CPU
	EndGlobalSection
	GlobalSection(ProjectConfigurationPlatforms) = postSolution
		{C3136829-A4BA-4174-8830-98A1C8F13EBA}.Debug|Any CPU.ActiveCfg = Debug|Any CPU
		{C3136829-A4BA-4174-8830-98A1C8F13EBA}.Debug|Any CPU.Build.0 = Debug|Any CPU
		{C3136829-A4BA-4174-8830-98A1C8F13EBA}.Release|Any CPU.ActiveCfg = Release|Any CPU
		{C3136829-A4BA-4174-8830-98A1C8F13EBA}.Release|Any CPU.Build.0 = Release|Any CPU
	EndGlobalSection
	GlobalSection(SolutionProperties) = preSolution
		HideSolutionNode = FALSE
	EndGlobalSection
	GlobalSection(ExtensibilityGlobals) = postSolution
		SolutionGuid = {8D0C1E34-48BB-4469-B886-2FA8A477B821}
	EndGlobalSection
EndGlobal
